
Microsoft Visual Studio Solution File, Format Version 12.00
Project("{FAE04EC0-301F-11D3-BF4B-00C04F79EFBC}") = "webapi", "webapi\webapi.csproj", "{817E9A12-EFF9-4D96-AA4A-5143B36CC2D1}"
EndProject
Project("{FAE04EC0-301F-11D3-BF4B-00C04F79EFBC}") = "queue.client", "queue.client\queue.client.csproj", "{349EC4FC-7292-4430-816A-D6E6A63D1AFC}"
EndProject
Global
	GlobalSection(SolutionConfigurationPlatforms) = preSolution
		Debug|Any CPU = Debug|Any CPU
		Release|Any CPU = Release|Any CPU
	EndGlobalSection
	GlobalSection(ProjectConfigurationPlatforms) = postSolution
		{817E9A12-EFF9-4D96-AA4A-5143B36CC2D1}.Debug|Any CPU.ActiveCfg = Debug|Any CPU
		{817E9A12-EFF9-4D96-AA4A-5143B36CC2D1}.Debug|Any CPU.Build.0 = Debug|Any CPU
		{817E9A12-EFF9-4D96-AA4A-5143B36CC2D1}.Release|Any CPU.ActiveCfg = Release|Any CPU
		{817E9A12-EFF9-4D96-AA4A-5143B36CC2D1}.Release|Any CPU.Build.0 = Release|Any CPU
		{349EC4FC-7292-4430-816A-D6E6A63D1AFC}.Debug|Any CPU.ActiveCfg = Debug|Any CPU
		{349EC4FC-7292-4430-816A-D6E6A63D1AFC}.Debug|Any CPU.Build.0 = Debug|Any CPU
		{349EC4FC-7292-4430-816A-D6E6A63D1AFC}.Release|Any CPU.ActiveCfg = Release|Any CPU
		{349EC4FC-7292-4430-816A-D6E6A63D1AFC}.Release|Any CPU.Build.0 = Release|Any CPU
	EndGlobalSection
EndGlobal
